
Microsoft Visual Studio Solution File, Format Version 12.00
# Visual Studio Version 17
VisualStudioVersion = 17.1.32210.238
MinimumVisualStudioVersion = 10.0.40219.1
Project("{FAE04EC0-301F-11D3-BF4B-00C04F79EFBC}") = "IM2023", "IM2023\IM2023.csproj", "{F66864B8-AC99-4ACD-A07C-01617B5D5901}"
EndProject
Global
	GlobalSection(SolutionConfigurationPlatforms) = preSolution
		Debug|Any CPU = Debug|Any CPU
		Release|Any CPU = Release|Any CPU
	EndGlobalSection
	GlobalSection(ProjectConfigurationPlatforms) = postSolution
		{F66864B8-AC99-4ACD-A07C-01617B5D5901}.Debug|Any CPU.ActiveCfg = Debug|Any CPU
		{F66864B8-AC99-4ACD-A07C-01617B5D5901}.Debug|Any CPU.Build.0 = Debug|Any CPU
		{F66864B8-AC99-4ACD-A07C-01617B5D5901}.Release|Any CPU.ActiveCfg = Release|Any CPU
		{F66864B8-AC99-4ACD-A07C-01617B5D5901}.Release|Any CPU.Build.0 = Release|Any CPU
	EndGlobalSection
	GlobalSection(SolutionProperties) = preSolution
		HideSolutionNode = FALSE
	EndGlobalSection
	GlobalSection(ExtensibilityGlobals) = postSolution
		SolutionGuid = {20AD92F2-68C1-49D3-B099-F2A53F7A0CF4}
	EndGlobalSection
EndGlobal
